
Microsoft Visual Studio Solution File, Format Version 12.00
# Visual Studio Version 17
VisualStudioVersion = 17.3.32819.101
MinimumVisualStudioVersion = 10.0.40219.1
Project("{FAE04EC0-301F-11D3-BF4B-00C04F79EFBC}") = "leonardo-benetti-d7-avaliacao", "leonardo-benetti-d7-avaliacao.csproj", "{D6EC6852-DABB-4C8E-9B6C-65C4CD34709F}"
EndProject
Global
	GlobalSection(SolutionConfigurationPlatforms) = preSolution
		Debug|Any CPU = Debug|Any CPU
		Release|Any CPU = Release|Any CPU
	EndGlobalSection
	GlobalSection(ProjectConfigurationPlatforms) = postSolution
		{D6EC6852-DABB-4C8E-9B6C-65C4CD34709F}.Debug|Any CPU.ActiveCfg = Debug|Any CPU
		{D6EC6852-DABB-4C8E-9B6C-65C4CD34709F}.Debug|Any CPU.Build.0 = Debug|Any CPU
		{D6EC6852-DABB-4C8E-9B6C-65C4CD34709F}.Release|Any CPU.ActiveCfg = Release|Any CPU
		{D6EC6852-DABB-4C8E-9B6C-65C4CD34709F}.Release|Any CPU.Build.0 = Release|Any CPU
	EndGlobalSection
	GlobalSection(SolutionProperties) = preSolution
		HideSolutionNode = FALSE
	EndGlobalSection
	GlobalSection(ExtensibilityGlobals) = postSolution
		SolutionGuid = {FF500B6C-75BC-4869-AB15-EA1D8499E7BA}
	EndGlobalSection
EndGlobal
